
Microsoft Visual Studio Solution File, Format Version 12.00
# Visual Studio 15
VisualStudioVersion = 15.0.27130.2027
MinimumVisualStudioVersion = 10.0.40219.1
Project("{FAE04EC0-301F-11D3-BF4B-00C04F79EFBC}") = "Server", "Server\Server.csproj", "{63E7E666-E4D0-40CD-BEA6-E6A0887976B1}"
EndProject
Project("{FAE04EC0-301F-11D3-BF4B-00C04F79EFBC}") = "Client", "Client\Client.csproj", "{3D7659EC-62A6-419C-89CE-058FD500026C}"
EndProject
Project("{FAE04EC0-301F-11D3-BF4B-00C04F79EFBC}") = "ClientTest", "ClientTest\ClientTest.csproj", "{9C311DA8-6B0F-43D2-8CB1-4E2EFC1F365F}"
EndProject
Global
	GlobalSection(SolutionConfigurationPlatforms) = preSolution
		Debug|Any CPU = Debug|Any CPU
		Release|Any CPU = Release|Any CPU
	EndGlobalSection
	GlobalSection(ProjectConfigurationPlatforms) = postSolution
		{63E7E666-E4D0-40CD-BEA6-E6A0887976B1}.Debug|Any CPU.ActiveCfg = Debug|Any CPU
		{63E7E666-E4D0-40CD-BEA6-E6A0887976B1}.Debug|Any CPU.Build.0 = Debug|Any CPU
		{63E7E666-E4D0-40CD-BEA6-E6A0887976B1}.Release|Any CPU.ActiveCfg = Release|Any CPU
		{63E7E666-E4D0-40CD-BEA6-E6A0887976B1}.Release|Any CPU.Build.0 = Release|Any CPU
		{3D7659EC-62A6-419C-89CE-058FD500026C}.Debug|Any CPU.ActiveCfg = Debug|Any CPU
		{3D7659EC-62A6-419C-89CE-058FD500026C}.Debug|Any CPU.Build.0 = Debug|Any CPU
		{3D7659EC-62A6-419C-89CE-058FD500026C}.Release|Any CPU.ActiveCfg = Release|Any CPU
		{3D7659EC-62A6-419C-89CE-058FD500026C}.Release|Any CPU.Build.0 = Release|Any CPU
		{9C311DA8-6B0F-43D2-8CB1-4E2EFC1F365F}.Debug|Any CPU.ActiveCfg = Debug|Any CPU
		{9C311DA8-6B0F-43D2-8CB1-4E2EFC1F365F}.Debug|Any CPU.Build.0 = Debug|Any CPU
		{9C311DA8-6B0F-43D2-8CB1-4E2EFC1F365F}.Release|Any CPU.ActiveCfg = Release|Any CPU
		{9C311DA8-6B0F-43D2-8CB1-4E2EFC1F365F}.Release|Any CPU.Build.0 = Release|Any CPU
	EndGlobalSection
	GlobalSection(SolutionProperties) = preSolution
		HideSolutionNode = FALSE
	EndGlobalSection
	GlobalSection(ExtensibilityGlobals) = postSolution
		SolutionGuid = {3D79DD2E-3CE3-47D9-99CE-311456474F34}
	EndGlobalSection
EndGlobal
